// !$*UTF8*$!
{
	archiveVersion = 1;
	classes = {
	};
	objectVersion = 52;
	objects = {

/* Begin PBXBuildFile section */
		5025583725D9D3B800F4FFA2 /* pokeFW.xcframework in Frameworks */ = {isa = PBXBuildFile; fileRef = 5025583625D9D3B800F4FFA2 /* pokeFW.xcframework */; };
		5025583825D9D3B800F4FFA2 /* pokeFW.xcframework in Embed Frameworks */ = {isa = PBXBuildFile; fileRef = 5025583625D9D3B800F4FFA2 /* pokeFW.xcframework */; settings = {ATTRIBUTES = (CodeSignOnCopy, RemoveHeadersOnCopy, ); }; };
		5091CCAD25CEFB350002C1F8 /* AppDelegate.swift in Sources */ = {isa = PBXBuildFile; fileRef = 5091CCAC25CEFB350002C1F8 /* AppDelegate.swift */; };
		5091CCAF25CEFB350002C1F8 /* SceneDelegate.swift in Sources */ = {isa = PBXBuildFile; fileRef = 5091CCAE25CEFB350002C1F8 /* SceneDelegate.swift */; };
		5091CCB125CEFB350002C1F8 /* ViewController.swift in Sources */ = {isa = PBXBuildFile; fileRef = 5091CCB025CEFB350002C1F8 /* ViewController.swift */; };
		5091CCB425CEFB350002C1F8 /* Main.storyboard in Resources */ = {isa = PBXBuildFile; fileRef = 5091CCB225CEFB350002C1F8 /* Main.storyboard */; };
		5091CCB725CEFB350002C1F8 /* pokeSearchApp.xcdatamodeld in Sources */ = {isa = PBXBuildFile; fileRef = 5091CCB525CEFB350002C1F8 /* pokeSearchApp.xcdatamodeld */; };
		5091CCB925CEFB370002C1F8 /* Assets.xcassets in Resources */ = {isa = PBXBuildFile; fileRef = 5091CCB825CEFB370002C1F8 /* Assets.xcassets */; };
		5091CCBC25CEFB370002C1F8 /* LaunchScreen.storyboard in Resources */ = {isa = PBXBuildFile; fileRef = 5091CCBA25CEFB370002C1F8 /* LaunchScreen.storyboard */; };
		5091CCC725CEFB370002C1F8 /* pokeSearchAppTests.swift in Sources */ = {isa = PBXBuildFile; fileRef = 5091CCC625CEFB370002C1F8 /* pokeSearchAppTests.swift */; };
		5091CCD225CEFB370002C1F8 /* pokeSearchAppUITests.swift in Sources */ = {isa = PBXBuildFile; fileRef = 5091CCD125CEFB370002C1F8 /* pokeSearchAppUITests.swift */; };
		50B088AF25D035D000C87ED5 /* UserInfoModel.swift in Sources */ = {isa = PBXBuildFile; fileRef = 50B088AE25D035D000C87ED5 /* UserInfoModel.swift */; };
		50B088B525D0360200C87ED5 /* Pokemons.swift in Sources */ = {isa = PBXBuildFile; fileRef = 50B088B425D0360200C87ED5 /* Pokemons.swift */; };
		50B088C525D0642500C87ED5 /* FavoritesViewController.swift in Sources */ = {isa = PBXBuildFile; fileRef = 50B088C425D0642500C87ED5 /* FavoritesViewController.swift */; };
		50B088CC25D0666300C87ED5 /* FavoritesTableViewCell.swift in Sources */ = {isa = PBXBuildFile; fileRef = 50B088CA25D0666300C87ED5 /* FavoritesTableViewCell.swift */; };
		50B088CD25D0666400C87ED5 /* FavoritesTableViewCell.xib in Resources */ = {isa = PBXBuildFile; fileRef = 50B088CB25D0666300C87ED5 /* FavoritesTableViewCell.xib */; };
		50B088D325D0724A00C87ED5 /* UITableViewExtension.swift in Sources */ = {isa = PBXBuildFile; fileRef = 50B088D225D0724A00C87ED5 /* UITableViewExtension.swift */; };
		50B088D725D0726900C87ED5 /* StringExtension.swift in Sources */ = {isa = PBXBuildFile; fileRef = 50B088D625D0726900C87ED5 /* StringExtension.swift */; };
		50B088DB25D0727700C87ED5 /* GenericExtension.swift in Sources */ = {isa = PBXBuildFile; fileRef = 50B088DA25D0727700C87ED5 /* GenericExtension.swift */; };
		50B088E525D075B300C87ED5 /* ColorExtension.swift in Sources */ = {isa = PBXBuildFile; fileRef = 50B088E425D075B300C87ED5 /* ColorExtension.swift */; };
		D47B7FDEDE329778D708E8D7 /* Pods_pokeSearchApp.framework in Frameworks */ = {isa = PBXBuildFile; fileRef = 1AA87A88CB0FE59E388A81D1 /* Pods_pokeSearchApp.framework */; };
/* End PBXBuildFile section */

/* Begin PBXContainerItemProxy section */
		5091CCC325CEFB370002C1F8 /* PBXContainerItemProxy */ = {
			isa = PBXContainerItemProxy;
			containerPortal = 5091CCA125CEFB350002C1F8 /* Project object */;
			proxyType = 1;
			remoteGlobalIDString = 5091CCA825CEFB350002C1F8;
			remoteInfo = pokeSearchApp;
		};
		5091CCCE25CEFB370002C1F8 /* PBXContainerItemProxy */ = {
			isa = PBXContainerItemProxy;
			containerPortal = 5091CCA125CEFB350002C1F8 /* Project object */;
			proxyType = 1;
			remoteGlobalIDString = 5091CCA825CEFB350002C1F8;
			remoteInfo = pokeSearchApp;
		};
/* End PBXContainerItemProxy section */

/* Begin PBXCopyFilesBuildPhase section */
		5025583125D9D17A00F4FFA2 /* Embed Frameworks */ = {
			isa = PBXCopyFilesBuildPhase;
			buildActionMask = 2147483647;
			dstPath = "";
			dstSubfolderSpec = 10;
			files = (
				5025583825D9D3B800F4FFA2 /* pokeFW.xcframework in Embed Frameworks */,
			);
			name = "Embed Frameworks";
			runOnlyForDeploymentPostprocessing = 0;
		};
/* End PBXCopyFilesBuildPhase section */

/* Begin PBXFileReference section */
		012BB59ABC11C77FCDDF99F2 /* Pods-pokeSearchAppTests.debug.xcconfig */ = {isa = PBXFileReference; includeInIndex = 1; lastKnownFileType = text.xcconfig; name = "Pods-pokeSearchAppTests.debug.xcconfig"; path = "Target Support Files/Pods-pokeSearchAppTests/Pods-pokeSearchAppTests.debug.xcconfig"; sourceTree = "<group>"; };
		0A3CF6ED60C74CAB42CA024F /* Pods-pokeSearchApp-pokeSearchAppUITests.debug.xcconfig */ = {isa = PBXFileReference; includeInIndex = 1; lastKnownFileType = text.xcconfig; name = "Pods-pokeSearchApp-pokeSearchAppUITests.debug.xcconfig"; path = "Target Support Files/Pods-pokeSearchApp-pokeSearchAppUITests/Pods-pokeSearchApp-pokeSearchAppUITests.debug.xcconfig"; sourceTree = "<group>"; };
		1AA87A88CB0FE59E388A81D1 /* Pods_pokeSearchApp.framework */ = {isa = PBXFileReference; explicitFileType = wrapper.framework; includeInIndex = 0; path = Pods_pokeSearchApp.framework; sourceTree = BUILT_PRODUCTS_DIR; };
		3FDA033401A4C1FDA19FA1FB /* Pods-pokeSearchAppTests.release.xcconfig */ = {isa = PBXFileReference; includeInIndex = 1; lastKnownFileType = text.xcconfig; name = "Pods-pokeSearchAppTests.release.xcconfig"; path = "Target Support Files/Pods-pokeSearchAppTests/Pods-pokeSearchAppTests.release.xcconfig"; sourceTree = "<group>"; };
		5025583625D9D3B800F4FFA2 /* pokeFW.xcframework */ = {isa = PBXFileReference; lastKnownFileType = wrapper.xcframework; name = pokeFW.xcframework; path = ../pokeFW/build/pokeFW.xcframework; sourceTree = "<group>"; };
		5091CCA925CEFB350002C1F8 /* pokeSearchApp.app */ = {isa = PBXFileReference; explicitFileType = wrapper.application; includeInIndex = 0; path = pokeSearchApp.app; sourceTree = BUILT_PRODUCTS_DIR; };
		5091CCAC25CEFB350002C1F8 /* AppDelegate.swift */ = {isa = PBXFileReference; lastKnownFileType = sourcecode.swift; path = AppDelegate.swift; sourceTree = "<group>"; };
		5091CCAE25CEFB350002C1F8 /* SceneDelegate.swift */ = {isa = PBXFileReference; lastKnownFileType = sourcecode.swift; path = SceneDelegate.swift; sourceTree = "<group>"; };
		5091CCB025CEFB350002C1F8 /* ViewController.swift */ = {isa = PBXFileReference; lastKnownFileType = sourcecode.swift; path = ViewController.swift; sourceTree = "<group>"; };
		5091CCB325CEFB350002C1F8 /* Base */ = {isa = PBXFileReference; lastKnownFileType = file.storyboard; name = Base; path = Base.lproj/Main.storyboard; sourceTree = "<group>"; };
		5091CCB625CEFB350002C1F8 /* pokeSearchApp.xcdatamodel */ = {isa = PBXFileReference; lastKnownFileType = wrapper.xcdatamodel; path = pokeSearchApp.xcdatamodel; sourceTree = "<group>"; };
		5091CCB825CEFB370002C1F8 /* Assets.xcassets */ = {isa = PBXFileReference; lastKnownFileType = folder.assetcatalog; path = Assets.xcassets; sourceTree = "<group>"; };
		5091CCBB25CEFB370002C1F8 /* Base */ = {isa = PBXFileReference; lastKnownFileType = file.storyboard; name = Base; path = Base.lproj/LaunchScreen.storyboard; sourceTree = "<group>"; };
		5091CCBD25CEFB370002C1F8 /* Info.plist */ = {isa = PBXFileReference; lastKnownFileType = text.plist.xml; path = Info.plist; sourceTree = "<group>"; };
		5091CCC225CEFB370002C1F8 /* pokeSearchAppTests.xctest */ = {isa = PBXFileReference; explicitFileType = wrapper.cfbundle; includeInIndex = 0; path = pokeSearchAppTests.xctest; sourceTree = BUILT_PRODUCTS_DIR; };
		5091CCC625CEFB370002C1F8 /* pokeSearchAppTests.swift */ = {isa = PBXFileReference; lastKnownFileType = sourcecode.swift; path = pokeSearchAppTests.swift; sourceTree = "<group>"; };
		5091CCC825CEFB370002C1F8 /* Info.plist */ = {isa = PBXFileReference; lastKnownFileType = text.plist.xml; path = Info.plist; sourceTree = "<group>"; };
		5091CCCD25CEFB370002C1F8 /* pokeSearchAppUITests.xctest */ = {isa = PBXFileReference; explicitFileType = wrapper.cfbundle; includeInIndex = 0; path = pokeSearchAppUITests.xctest; sourceTree = BUILT_PRODUCTS_DIR; };
		5091CCD125CEFB370002C1F8 /* pokeSearchAppUITests.swift */ = {isa = PBXFileReference; lastKnownFileType = sourcecode.swift; path = pokeSearchAppUITests.swift; sourceTree = "<group>"; };
		5091CCD325CEFB370002C1F8 /* Info.plist */ = {isa = PBXFileReference; lastKnownFileType = text.plist.xml; path = Info.plist; sourceTree = "<group>"; };
		50B088AE25D035D000C87ED5 /* UserInfoModel.swift */ = {isa = PBXFileReference; lastKnownFileType = sourcecode.swift; path = UserInfoModel.swift; sourceTree = "<group>"; };
		50B088B425D0360200C87ED5 /* Pokemons.swift */ = {isa = PBXFileReference; lastKnownFileType = sourcecode.swift; path = Pokemons.swift; sourceTree = "<group>"; };
		50B088C425D0642500C87ED5 /* FavoritesViewController.swift */ = {isa = PBXFileReference; lastKnownFileType = sourcecode.swift; path = FavoritesViewController.swift; sourceTree = "<group>"; };
		50B088CA25D0666300C87ED5 /* FavoritesTableViewCell.swift */ = {isa = PBXFileReference; lastKnownFileType = sourcecode.swift; path = FavoritesTableViewCell.swift; sourceTree = "<group>"; };
		50B088CB25D0666300C87ED5 /* FavoritesTableViewCell.xib */ = {isa = PBXFileReference; lastKnownFileType = file.xib; path = FavoritesTableViewCell.xib; sourceTree = "<group>"; };
		50B088D225D0724A00C87ED5 /* UITableViewExtension.swift */ = {isa = PBXFileReference; lastKnownFileType = sourcecode.swift; path = UITableViewExtension.swift; sourceTree = "<group>"; };
		50B088D625D0726900C87ED5 /* StringExtension.swift */ = {isa = PBXFileReference; lastKnownFileType = sourcecode.swift; path = StringExtension.swift; sourceTree = "<group>"; };
		50B088DA25D0727700C87ED5 /* GenericExtension.swift */ = {isa = PBXFileReference; lastKnownFileType = sourcecode.swift; path = GenericExtension.swift; sourceTree = "<group>"; };
		50B088E425D075B300C87ED5 /* ColorExtension.swift */ = {isa = PBXFileReference; lastKnownFileType = sourcecode.swift; path = ColorExtension.swift; sourceTree = "<group>"; };
		9DE860E7B1B7F624FA172F6C /* Pods-pokeSearchApp.debug.xcconfig */ = {isa = PBXFileReference; includeInIndex = 1; lastKnownFileType = text.xcconfig; name = "Pods-pokeSearchApp.debug.xcconfig"; path = "Target Support Files/Pods-pokeSearchApp/Pods-pokeSearchApp.debug.xcconfig"; sourceTree = "<group>"; };
		C000DE1E65FEA1708D98B359 /* Pods-pokeSearchApp.release.xcconfig */ = {isa = PBXFileReference; includeInIndex = 1; lastKnownFileType = text.xcconfig; name = "Pods-pokeSearchApp.release.xcconfig"; path = "Target Support Files/Pods-pokeSearchApp/Pods-pokeSearchApp.release.xcconfig"; sourceTree = "<group>"; };
		DFF7397D0283FC3E20A9FECD /* Pods-pokeSearchApp-pokeSearchAppUITests.release.xcconfig */ = {isa = PBXFileReference; includeInIndex = 1; lastKnownFileType = text.xcconfig; name = "Pods-pokeSearchApp-pokeSearchAppUITests.release.xcconfig"; path = "Target Support Files/Pods-pokeSearchApp-pokeSearchAppUITests/Pods-pokeSearchApp-pokeSearchAppUITests.release.xcconfig"; sourceTree = "<group>"; };
/* End PBXFileReference section */

/* Begin PBXFrameworksBuildPhase section */
		5091CCA625CEFB350002C1F8 /* Frameworks */ = {
			isa = PBXFrameworksBuildPhase;
			buildActionMask = 2147483647;
			files = (
				D47B7FDEDE329778D708E8D7 /* Pods_pokeSearchApp.framework in Frameworks */,
				5025583725D9D3B800F4FFA2 /* pokeFW.xcframework in Frameworks */,
			);
			runOnlyForDeploymentPostprocessing = 0;
		};
		5091CCBF25CEFB370002C1F8 /* Frameworks */ = {
			isa = PBXFrameworksBuildPhase;
			buildActionMask = 2147483647;
			files = (
			);
			runOnlyForDeploymentPostprocessing = 0;
		};
		5091CCCA25CEFB370002C1F8 /* Frameworks */ = {
			isa = PBXFrameworksBuildPhase;
			buildActionMask = 2147483647;
			files = (
			);
			runOnlyForDeploymentPostprocessing = 0;
		};
/* End PBXFrameworksBuildPhase section */

/* Begin PBXGroup section */
		5091CCA025CEFB350002C1F8 = {
			isa = PBXGroup;
			children = (
				5091CCAB25CEFB350002C1F8 /* pokeSearchApp */,
				5091CCC525CEFB370002C1F8 /* pokeSearchAppTests */,
				5091CCD025CEFB370002C1F8 /* pokeSearchAppUITests */,
				5091CCAA25CEFB350002C1F8 /* Products */,
				F084B29B88E6325A7873D0E1 /* Pods */,
				50A6BD1325CF0843002350B1 /* Frameworks */,
			);
			sourceTree = "<group>";
		};
		5091CCAA25CEFB350002C1F8 /* Products */ = {
			isa = PBXGroup;
			children = (
				5091CCA925CEFB350002C1F8 /* pokeSearchApp.app */,
				5091CCC225CEFB370002C1F8 /* pokeSearchAppTests.xctest */,
				5091CCCD25CEFB370002C1F8 /* pokeSearchAppUITests.xctest */,
			);
			name = Products;
			sourceTree = "<group>";
		};
		5091CCAB25CEFB350002C1F8 /* pokeSearchApp */ = {
			isa = PBXGroup;
			children = (
				50B088BF25D05F7000C87ED5 /* Helper */,
				50B088BE25D05F5D00C87ED5 /* Model */,
				50B088BD25D05F3600C87ED5 /* Storyboard */,
				50B088B925D05F2300C87ED5 /* Controller */,
				5091CCB825CEFB370002C1F8 /* Assets.xcassets */,
				5091CCBD25CEFB370002C1F8 /* Info.plist */,
				5091CCB525CEFB350002C1F8 /* pokeSearchApp.xcdatamodeld */,
			);
			path = pokeSearchApp;
			sourceTree = "<group>";
		};
		5091CCC525CEFB370002C1F8 /* pokeSearchAppTests */ = {
			isa = PBXGroup;
			children = (
				5091CCC625CEFB370002C1F8 /* pokeSearchAppTests.swift */,
				5091CCC825CEFB370002C1F8 /* Info.plist */,
			);
			path = pokeSearchAppTests;
			sourceTree = "<group>";
		};
		5091CCD025CEFB370002C1F8 /* pokeSearchAppUITests */ = {
			isa = PBXGroup;
			children = (
				5091CCD125CEFB370002C1F8 /* pokeSearchAppUITests.swift */,
				5091CCD325CEFB370002C1F8 /* Info.plist */,
			);
			path = pokeSearchAppUITests;
			sourceTree = "<group>";
		};
		50A6BD1325CF0843002350B1 /* Frameworks */ = {
			isa = PBXGroup;
			children = (
				5025583625D9D3B800F4FFA2 /* pokeFW.xcframework */,
				1AA87A88CB0FE59E388A81D1 /* Pods_pokeSearchApp.framework */,
			);
			name = Frameworks;
			sourceTree = "<group>";
		};
		50B088B925D05F2300C87ED5 /* Controller */ = {
			isa = PBXGroup;
			children = (
				50B088C925D0664700C87ED5 /* ListingModule */,
				50B088C825D0663A00C87ED5 /* FavoritesModule */,
			);
			path = Controller;
			sourceTree = "<group>";
		};
		50B088BD25D05F3600C87ED5 /* Storyboard */ = {
			isa = PBXGroup;
			children = (
				5091CCB225CEFB350002C1F8 /* Main.storyboard */,
				5091CCBA25CEFB370002C1F8 /* LaunchScreen.storyboard */,
			);
			path = Storyboard;
			sourceTree = "<group>";
		};
		50B088BE25D05F5D00C87ED5 /* Model */ = {
			isa = PBXGroup;
			children = (
				50B088AE25D035D000C87ED5 /* UserInfoModel.swift */,
				50B088B425D0360200C87ED5 /* Pokemons.swift */,
			);
			path = Model;
			sourceTree = "<group>";
		};
		50B088BF25D05F7000C87ED5 /* Helper */ = {
			isa = PBXGroup;
			children = (
				50B088DE25D0727D00C87ED5 /* Extension */,
				5091CCAC25CEFB350002C1F8 /* AppDelegate.swift */,
				5091CCAE25CEFB350002C1F8 /* SceneDelegate.swift */,
			);
			path = Helper;
			sourceTree = "<group>";
		};
		50B088C825D0663A00C87ED5 /* FavoritesModule */ = {
			isa = PBXGroup;
			children = (
				50B088E125D0743B00C87ED5 /* FavTableViewCell */,
				50B088C425D0642500C87ED5 /* FavoritesViewController.swift */,
			);
			path = FavoritesModule;
			sourceTree = "<group>";
		};
		50B088C925D0664700C87ED5 /* ListingModule */ = {
			isa = PBXGroup;
			children = (
				5091CCB025CEFB350002C1F8 /* ViewController.swift */,
			);
			path = ListingModule;
			sourceTree = "<group>";
		};
		50B088DE25D0727D00C87ED5 /* Extension */ = {
			isa = PBXGroup;
			children = (
				50B088D225D0724A00C87ED5 /* UITableViewExtension.swift */,
				50B088D625D0726900C87ED5 /* StringExtension.swift */,
				50B088DA25D0727700C87ED5 /* GenericExtension.swift */,
				50B088E425D075B300C87ED5 /* ColorExtension.swift */,
			);
			path = Extension;
			sourceTree = "<group>";
		};
		50B088E125D0743B00C87ED5 /* FavTableViewCell */ = {
			isa = PBXGroup;
			children = (
				50B088CA25D0666300C87ED5 /* FavoritesTableViewCell.swift */,
				50B088CB25D0666300C87ED5 /* FavoritesTableViewCell.xib */,
			);
			path = FavTableViewCell;
			sourceTree = "<group>";
		};
		F084B29B88E6325A7873D0E1 /* Pods */ = {
			isa = PBXGroup;
			children = (
				9DE860E7B1B7F624FA172F6C /* Pods-pokeSearchApp.debug.xcconfig */,
				C000DE1E65FEA1708D98B359 /* Pods-pokeSearchApp.release.xcconfig */,
				0A3CF6ED60C74CAB42CA024F /* Pods-pokeSearchApp-pokeSearchAppUITests.debug.xcconfig */,
				DFF7397D0283FC3E20A9FECD /* Pods-pokeSearchApp-pokeSearchAppUITests.release.xcconfig */,
				012BB59ABC11C77FCDDF99F2 /* Pods-pokeSearchAppTests.debug.xcconfig */,
				3FDA033401A4C1FDA19FA1FB /* Pods-pokeSearchAppTests.release.xcconfig */,
			);
			path = Pods;
			sourceTree = "<group>";
		};
/* End PBXGroup section */

/* Begin PBXNativeTarget section */
		5091CCA825CEFB350002C1F8 /* pokeSearchApp */ = {
			isa = PBXNativeTarget;
			buildConfigurationList = 5091CCD625CEFB370002C1F8 /* Build configuration list for PBXNativeTarget "pokeSearchApp" */;
			buildPhases = (
				DD243AD5FC137DA7C72BDE31 /* [CP] Check Pods Manifest.lock */,
				5091CCA525CEFB350002C1F8 /* Sources */,
				5091CCA625CEFB350002C1F8 /* Frameworks */,
				5091CCA725CEFB350002C1F8 /* Resources */,
				5F5911319307D8DA58C21ECE /* [CP] Embed Pods Frameworks */,
				5025583125D9D17A00F4FFA2 /* Embed Frameworks */,
			);
			buildRules = (
			);
			dependencies = (
			);
			name = pokeSearchApp;
			productName = pokeSearchApp;
			productReference = 5091CCA925CEFB350002C1F8 /* pokeSearchApp.app */;
			productType = "com.apple.product-type.application";
		};
		5091CCC125CEFB370002C1F8 /* pokeSearchAppTests */ = {
			isa = PBXNativeTarget;
			buildConfigurationList = 5091CCD925CEFB370002C1F8 /* Build configuration list for PBXNativeTarget "pokeSearchAppTests" */;
			buildPhases = (
				0A7F6CEC70C546DE634581D2 /* [CP] Check Pods Manifest.lock */,
				5091CCBE25CEFB370002C1F8 /* Sources */,
				5091CCBF25CEFB370002C1F8 /* Frameworks */,
				5091CCC025CEFB370002C1F8 /* Resources */,
				EBBAA47CAA7B061740AB1A48 /* [CP] Embed Pods Frameworks */,
			);
			buildRules = (
			);
			dependencies = (
				5091CCC425CEFB370002C1F8 /* PBXTargetDependency */,
			);
			name = pokeSearchAppTests;
			productName = pokeSearchAppTests;
			productReference = 5091CCC225CEFB370002C1F8 /* pokeSearchAppTests.xctest */;
			productType = "com.apple.product-type.bundle.unit-test";
		};
		5091CCCC25CEFB370002C1F8 /* pokeSearchAppUITests */ = {
			isa = PBXNativeTarget;
			buildConfigurationList = 5091CCDC25CEFB370002C1F8 /* Build configuration list for PBXNativeTarget "pokeSearchAppUITests" */;
			buildPhases = (
				94257AEB9A4FFDB019AAD1B7 /* [CP] Check Pods Manifest.lock */,
				5091CCC925CEFB370002C1F8 /* Sources */,
				5091CCCA25CEFB370002C1F8 /* Frameworks */,
				5091CCCB25CEFB370002C1F8 /* Resources */,
				5B1BD219F03BE99FD2C0B97A /* [CP] Embed Pods Frameworks */,
			);
			buildRules = (
			);
			dependencies = (
				5091CCCF25CEFB370002C1F8 /* PBXTargetDependency */,
			);
			name = pokeSearchAppUITests;
			productName = pokeSearchAppUITests;
			productReference = 5091CCCD25CEFB370002C1F8 /* pokeSearchAppUITests.xctest */;
			productType = "com.apple.product-type.bundle.ui-testing";
		};
/* End PBXNativeTarget section */

/* Begin PBXProject section */
		5091CCA125CEFB350002C1F8 /* Project object */ = {
			isa = PBXProject;
			attributes = {
				LastSwiftUpdateCheck = 1240;
				LastUpgradeCheck = 1240;
				TargetAttributes = {
					5091CCA825CEFB350002C1F8 = {
						CreatedOnToolsVersion = 12.4;
					};
					5091CCC125CEFB370002C1F8 = {
						CreatedOnToolsVersion = 12.4;
						TestTargetID = 5091CCA825CEFB350002C1F8;
					};
					5091CCCC25CEFB370002C1F8 = {
						CreatedOnToolsVersion = 12.4;
						TestTargetID = 5091CCA825CEFB350002C1F8;
					};
				};
			};
			buildConfigurationList = 5091CCA425CEFB350002C1F8 /* Build configuration list for PBXProject "pokeSearchApp" */;
			compatibilityVersion = "Xcode 9.3";
			developmentRegion = en;
			hasScannedForEncodings = 0;
			knownRegions = (
				en,
				Base,
			);
			mainGroup = 5091CCA025CEFB350002C1F8;
			productRefGroup = 5091CCAA25CEFB350002C1F8 /* Products */;
			projectDirPath = "";
			projectRoot = "";
			targets = (
				5091CCA825CEFB350002C1F8 /* pokeSearchApp */,
				5091CCC125CEFB370002C1F8 /* pokeSearchAppTests */,
				5091CCCC25CEFB370002C1F8 /* pokeSearchAppUITests */,
			);
		};
/* End PBXProject section */

/* Begin PBXResourcesBuildPhase section */
		5091CCA725CEFB350002C1F8 /* Resources */ = {
			isa = PBXResourcesBuildPhase;
			buildActionMask = 2147483647;
			files = (
				5091CCBC25CEFB370002C1F8 /* LaunchScreen.storyboard in Resources */,
				50B088CD25D0666400C87ED5 /* FavoritesTableViewCell.xib in Resources */,
				5091CCB925CEFB370002C1F8 /* Assets.xcassets in Resources */,
				5091CCB425CEFB350002C1F8 /* Main.storyboard in Resources */,
			);
			runOnlyForDeploymentPostprocessing = 0;
		};
		5091CCC025CEFB370002C1F8 /* Resources */ = {
			isa = PBXResourcesBuildPhase;
			buildActionMask = 2147483647;
			files = (
			);
			runOnlyForDeploymentPostprocessing = 0;
		};
		5091CCCB25CEFB370002C1F8 /* Resources */ = {
			isa = PBXResourcesBuildPhase;
			buildActionMask = 2147483647;
			files = (
			);
			runOnlyForDeploymentPostprocessing = 0;
		};
/* End PBXResourcesBuildPhase section */

/* Begin PBXShellScriptBuildPhase section */
		0A7F6CEC70C546DE634581D2 /* [CP] Check Pods Manifest.lock */ = {
			isa = PBXShellScriptBuildPhase;
			buildActionMask = 2147483647;
			files = (
			);
			inputFileListPaths = (
			);
			inputPaths = (
				"${PODS_PODFILE_DIR_PATH}/Podfile.lock",
				"${PODS_ROOT}/Manifest.lock",
			);
			name = "[CP] Check Pods Manifest.lock";
			outputFileListPaths = (
			);
			outputPaths = (
				"$(DERIVED_FILE_DIR)/Pods-pokeSearchAppTests-checkManifestLockResult.txt",
			);
			runOnlyForDeploymentPostprocessing = 0;
			shellPath = /bin/sh;
			shellScript = "diff \"${PODS_PODFILE_DIR_PATH}/Podfile.lock\" \"${PODS_ROOT}/Manifest.lock\" > /dev/null\nif [ $? != 0 ] ; then\n    # print error to STDERR\n    echo \"error: The sandbox is not in sync with the Podfile.lock. Run 'pod install' or update your CocoaPods installation.\" >&2\n    exit 1\nfi\n# This output is used by Xcode 'outputs' to avoid re-running this script phase.\necho \"SUCCESS\" > \"${SCRIPT_OUTPUT_FILE_0}\"\n";
			showEnvVarsInLog = 0;
		};
		5B1BD219F03BE99FD2C0B97A /* [CP] Embed Pods Frameworks */ = {
			isa = PBXShellScriptBuildPhase;
			buildActionMask = 2147483647;
			files = (
			);
			inputFileListPaths = (
				"${PODS_ROOT}/Target Support Files/Pods-pokeSearchApp-pokeSearchAppUITests/Pods-pokeSearchApp-pokeSearchAppUITests-frameworks-${CONFIGURATION}-input-files.xcfilelist",
			);
			name = "[CP] Embed Pods Frameworks";
			outputFileListPaths = (
				"${PODS_ROOT}/Target Support Files/Pods-pokeSearchApp-pokeSearchAppUITests/Pods-pokeSearchApp-pokeSearchAppUITests-frameworks-${CONFIGURATION}-output-files.xcfilelist",
			);
			runOnlyForDeploymentPostprocessing = 0;
			shellPath = /bin/sh;
			shellScript = "\"${PODS_ROOT}/Target Support Files/Pods-pokeSearchApp-pokeSearchAppUITests/Pods-pokeSearchApp-pokeSearchAppUITests-frameworks.sh\"\n";
			showEnvVarsInLog = 0;
		};
		5F5911319307D8DA58C21ECE /* [CP] Embed Pods Frameworks */ = {
			isa = PBXShellScriptBuildPhase;
			buildActionMask = 2147483647;
			files = (
			);
			inputFileListPaths = (
				"${PODS_ROOT}/Target Support Files/Pods-pokeSearchApp/Pods-pokeSearchApp-frameworks-${CONFIGURATION}-input-files.xcfilelist",
			);
			name = "[CP] Embed Pods Frameworks";
			outputFileListPaths = (
				"${PODS_ROOT}/Target Support Files/Pods-pokeSearchApp/Pods-pokeSearchApp-frameworks-${CONFIGURATION}-output-files.xcfilelist",
			);
			runOnlyForDeploymentPostprocessing = 0;
			shellPath = /bin/sh;
			shellScript = "\"${PODS_ROOT}/Target Support Files/Pods-pokeSearchApp/Pods-pokeSearchApp-frameworks.sh\"\n";
			showEnvVarsInLog = 0;
		};
		94257AEB9A4FFDB019AAD1B7 /* [CP] Check Pods Manifest.lock */ = {
			isa = PBXShellScriptBuildPhase;
			buildActionMask = 2147483647;
			files = (
			);
			inputFileListPaths = (
			);
			inputPaths = (
				"${PODS_PODFILE_DIR_PATH}/Podfile.lock",
				"${PODS_ROOT}/Manifest.lock",
			);
			name = "[CP] Check Pods Manifest.lock";
			outputFileListPaths = (
			);
			outputPaths = (
				"$(DERIVED_FILE_DIR)/Pods-pokeSearchApp-pokeSearchAppUITests-checkManifestLockResult.txt",
			);
			runOnlyForDeploymentPostprocessing = 0;
			shellPath = /bin/sh;
			shellScript = "diff \"${PODS_PODFILE_DIR_PATH}/Podfile.lock\" \"${PODS_ROOT}/Manifest.lock\" > /dev/null\nif [ $? != 0 ] ; then\n    # print error to STDERR\n    echo \"error: The sandbox is not in sync with the Podfile.lock. Run 'pod install' or update your CocoaPods installation.\" >&2\n    exit 1\nfi\n# This output is used by Xcode 'outputs' to avoid re-running this script phase.\necho \"SUCCESS\" > \"${SCRIPT_OUTPUT_FILE_0}\"\n";
			showEnvVarsInLog = 0;
		};
		DD243AD5FC137DA7C72BDE31 /* [CP] Check Pods Manifest.lock */ = {
			isa = PBXShellScriptBuildPhase;
			buildActionMask = 2147483647;
			files = (
			);
			inputFileListPaths = (
			);
			inputPaths = (
				"${PODS_PODFILE_DIR_PATH}/Podfile.lock",
				"${PODS_ROOT}/Manifest.lock",
			);
			name = "[CP] Check Pods Manifest.lock";
			outputFileListPaths = (
			);
			outputPaths = (
				"$(DERIVED_FILE_DIR)/Pods-pokeSearchApp-checkManifestLockResult.txt",
			);
			runOnlyForDeploymentPostprocessing = 0;
			shellPath = /bin/sh;
			shellScript = "diff \"${PODS_PODFILE_DIR_PATH}/Podfile.lock\" \"${PODS_ROOT}/Manifest.lock\" > /dev/null\nif [ $? != 0 ] ; then\n    # print error to STDERR\n    echo \"error: The sandbox is not in sync with the Podfile.lock. Run 'pod install' or update your CocoaPods installation.\" >&2\n    exit 1\nfi\n# This output is used by Xcode 'outputs' to avoid re-running this script phase.\necho \"SUCCESS\" > \"${SCRIPT_OUTPUT_FILE_0}\"\n";
			showEnvVarsInLog = 0;
		};
		EBBAA47CAA7B061740AB1A48 /* [CP] Embed Pods Frameworks */ = {
			isa = PBXShellScriptBuildPhase;
			buildActionMask = 2147483647;
			files = (
			);
			inputFileListPaths = (
				"${PODS_ROOT}/Target Support Files/Pods-pokeSearchAppTests/Pods-pokeSearchAppTests-frameworks-${CONFIGURATION}-input-files.xcfilelist",
			);
			name = "[CP] Embed Pods Frameworks";
			outputFileListPaths = (
				"${PODS_ROOT}/Target Support Files/Pods-pokeSearchAppTests/Pods-pokeSearchAppTests-frameworks-${CONFIGURATION}-output-files.xcfilelist",
			);
			runOnlyForDeploymentPostprocessing = 0;
			shellPath = /bin/sh;
			shellScript = "\"${PODS_ROOT}/Target Support Files/Pods-pokeSearchAppTests/Pods-pokeSearchAppTests-frameworks.sh\"\n";
			showEnvVarsInLog = 0;
		};
/* End PBXShellScriptBuildPhase section */

/* Begin PBXSourcesBuildPhase section */
		5091CCA525CEFB350002C1F8 /* Sources */ = {
			isa = PBXSourcesBuildPhase;
			buildActionMask = 2147483647;
			files = (
				5091CCB725CEFB350002C1F8 /* pokeSearchApp.xcdatamodeld in Sources */,
				50B088B525D0360200C87ED5 /* Pokemons.swift in Sources */,
				50B088D725D0726900C87ED5 /* StringExtension.swift in Sources */,
				50B088E525D075B300C87ED5 /* ColorExtension.swift in Sources */,
				50B088C525D0642500C87ED5 /* FavoritesViewController.swift in Sources */,
				50B088DB25D0727700C87ED5 /* GenericExtension.swift in Sources */,
				5091CCB125CEFB350002C1F8 /* ViewController.swift in Sources */,
				5091CCAD25CEFB350002C1F8 /* AppDelegate.swift in Sources */,
				50B088CC25D0666300C87ED5 /* FavoritesTableViewCell.swift in Sources */,
				50B088D325D0724A00C87ED5 /* UITableViewExtension.swift in Sources */,
				5091CCAF25CEFB350002C1F8 /* SceneDelegate.swift in Sources */,
				50B088AF25D035D000C87ED5 /* UserInfoModel.swift in Sources */,
			);
			runOnlyForDeploymentPostprocessing = 0;
		};
		5091CCBE25CEFB370002C1F8 /* Sources */ = {
			isa = PBXSourcesBuildPhase;
			buildActionMask = 2147483647;
			files = (
				5091CCC725CEFB370002C1F8 /* pokeSearchAppTests.swift in Sources */,
			);
			runOnlyForDeploymentPostprocessing = 0;
		};
		5091CCC925CEFB370002C1F8 /* Sources */ = {
			isa = PBXSourcesBuildPhase;
			buildActionMask = 2147483647;
			files = (
				5091CCD225CEFB370002C1F8 /* pokeSearchAppUITests.swift in Sources */,
			);
			runOnlyForDeploymentPostprocessing = 0;
		};
/* End PBXSourcesBuildPhase section */

/* Begin PBXTargetDependency section */
		5091CCC425CEFB370002C1F8 /* PBXTargetDependency */ = {
			isa = PBXTargetDependency;
			target = 5091CCA825CEFB350002C1F8 /* pokeSearchApp */;
			targetProxy = 5091CCC325CEFB370002C1F8 /* PBXContainerItemProxy */;
		};
		5091CCCF25CEFB370002C1F8 /* PBXTargetDependency */ = {
			isa = PBXTargetDependency;
			target = 5091CCA825CEFB350002C1F8 /* pokeSearchApp */;
			targetProxy = 5091CCCE25CEFB370002C1F8 /* PBXContainerItemProxy */;
		};
/* End PBXTargetDependency section */

/* Begin PBXVariantGroup section */
		5091CCB225CEFB350002C1F8 /* Main.storyboard */ = {
			isa = PBXVariantGroup;
			children = (
				5091CCB325CEFB350002C1F8 /* Base */,
			);
			name = Main.storyboard;
			sourceTree = "<group>";
		};
		5091CCBA25CEFB370002C1F8 /* LaunchScreen.storyboard */ = {
			isa = PBXVariantGroup;
			children = (
				5091CCBB25CEFB370002C1F8 /* Base */,
			);
			name = LaunchScreen.storyboard;
			sourceTree = "<group>";
		};
/* End PBXVariantGroup section */

/* Begin XCBuildConfiguration section */
		5091CCD425CEFB370002C1F8 /* Debug */ = {
			isa = XCBuildConfiguration;
			buildSettings = {
				ALWAYS_EMBED_SWIFT_STANDARD_LIBRARIES = "$(inherited)";
				ALWAYS_SEARCH_USER_PATHS = NO;
				CLANG_ANALYZER_NONNULL = YES;
				CLANG_ANALYZER_NUMBER_OBJECT_CONVERSION = YES_AGGRESSIVE;
				CLANG_CXX_LANGUAGE_STANDARD = "gnu++14";
				CLANG_CXX_LIBRARY = "libc++";
				CLANG_ENABLE_MODULES = YES;
				CLANG_ENABLE_OBJC_ARC = YES;
				CLANG_ENABLE_OBJC_WEAK = YES;
				CLANG_WARN_BLOCK_CAPTURE_AUTORELEASING = YES;
				CLANG_WARN_BOOL_CONVERSION = YES;
				CLANG_WARN_COMMA = YES;
				CLANG_WARN_CONSTANT_CONVERSION = YES;
				CLANG_WARN_DEPRECATED_OBJC_IMPLEMENTATIONS = YES;
				CLANG_WARN_DIRECT_OBJC_ISA_USAGE = YES_ERROR;
				CLANG_WARN_DOCUMENTATION_COMMENTS = YES;
				CLANG_WARN_EMPTY_BODY = YES;
				CLANG_WARN_ENUM_CONVERSION = YES;
				CLANG_WARN_INFINITE_RECURSION = YES;
				CLANG_WARN_INT_CONVERSION = YES;
				CLANG_WARN_NON_LITERAL_NULL_CONVERSION = YES;
				CLANG_WARN_OBJC_IMPLICIT_RETAIN_SELF = YES;
				CLANG_WARN_OBJC_LITERAL_CONVERSION = YES;
				CLANG_WARN_OBJC_ROOT_CLASS = YES_ERROR;
				CLANG_WARN_QUOTED_INCLUDE_IN_FRAMEWORK_HEADER = YES;
				CLANG_WARN_RANGE_LOOP_ANALYSIS = YES;
				CLANG_WARN_STRICT_PROTOTYPES = YES;
				CLANG_WARN_SUSPICIOUS_MOVE = YES;
				CLANG_WARN_UNGUARDED_AVAILABILITY = YES_AGGRESSIVE;
				CLANG_WARN_UNREACHABLE_CODE = YES;
				CLANG_WARN__DUPLICATE_METHOD_MATCH = YES;
				COPY_PHASE_STRIP = NO;
				DEBUG_INFORMATION_FORMAT = dwarf;
				ENABLE_STRICT_OBJC_MSGSEND = YES;
				ENABLE_TESTABILITY = YES;
				GCC_C_LANGUAGE_STANDARD = gnu11;
				GCC_DYNAMIC_NO_PIC = NO;
				GCC_NO_COMMON_BLOCKS = YES;
				GCC_OPTIMIZATION_LEVEL = 0;
				GCC_PREPROCESSOR_DEFINITIONS = (
					"DEBUG=1",
					"$(inherited)",
				);
				GCC_WARN_64_TO_32_BIT_CONVERSION = YES;
				GCC_WARN_ABOUT_RETURN_TYPE = YES_ERROR;
				GCC_WARN_UNDECLARED_SELECTOR = YES;
				GCC_WARN_UNINITIALIZED_AUTOS = YES_AGGRESSIVE;
				GCC_WARN_UNUSED_FUNCTION = YES;
				GCC_WARN_UNUSED_VARIABLE = YES;
				IPHONEOS_DEPLOYMENT_TARGET = 13.0;
				MTL_ENABLE_DEBUG_INFO = INCLUDE_SOURCE;
				MTL_FAST_MATH = YES;
				ONLY_ACTIVE_ARCH = YES;
				SDKROOT = iphoneos;
				SWIFT_ACTIVE_COMPILATION_CONDITIONS = DEBUG;
				SWIFT_OPTIMIZATION_LEVEL = "-Onone";
			};
			name = Debug;
		};
		5091CCD525CEFB370002C1F8 /* Release */ = {
			isa = XCBuildConfiguration;
			buildSettings = {
				ALWAYS_EMBED_SWIFT_STANDARD_LIBRARIES = "$(inherited)";
				ALWAYS_SEARCH_USER_PATHS = NO;
				CLANG_ANALYZER_NONNULL = YES;
				CLANG_ANALYZER_NUMBER_OBJECT_CONVERSION = YES_AGGRESSIVE;
				CLANG_CXX_LANGUAGE_STANDARD = "gnu++14";
				CLANG_CXX_LIBRARY = "libc++";
				CLANG_ENABLE_MODULES = YES;
				CLANG_ENABLE_OBJC_ARC = YES;
				CLANG_ENABLE_OBJC_WEAK = YES;
				CLANG_WARN_BLOCK_CAPTURE_AUTORELEASING = YES;
				CLANG_WARN_BOOL_CONVERSION = YES;
				CLANG_WARN_COMMA = YES;
				CLANG_WARN_CONSTANT_CONVERSION = YES;
				CLANG_WARN_DEPRECATED_OBJC_IMPLEMENTATIONS = YES;
				CLANG_WARN_DIRECT_OBJC_ISA_USAGE = YES_ERROR;
				CLANG_WARN_DOCUMENTATION_COMMENTS = YES;
				CLANG_WARN_EMPTY_BODY = YES;
				CLANG_WARN_ENUM_CONVERSION = YES;
				CLANG_WARN_INFINITE_RECURSION = YES;
				CLANG_WARN_INT_CONVERSION = YES;
				CLANG_WARN_NON_LITERAL_NULL_CONVERSION = YES;
				CLANG_WARN_OBJC_IMPLICIT_RETAIN_SELF = YES;
				CLANG_WARN_OBJC_LITERAL_CONVERSION = YES;
				CLANG_WARN_OBJC_ROOT_CLASS = YES_ERROR;
				CLANG_WARN_QUOTED_INCLUDE_IN_FRAMEWORK_HEADER = YES;
				CLANG_WARN_RANGE_LOOP_ANALYSIS = YES;
				CLANG_WARN_STRICT_PROTOTYPES = YES;
				CLANG_WARN_SUSPICIOUS_MOVE = YES;
				CLANG_WARN_UNGUARDED_AVAILABILITY = YES_AGGRESSIVE;
				CLANG_WARN_UNREACHABLE_CODE = YES;
				CLANG_WARN__DUPLICATE_METHOD_MATCH = YES;
				COPY_PHASE_STRIP = NO;
				DEBUG_INFORMATION_FORMAT = "dwarf-with-dsym";
				ENABLE_NS_ASSERTIONS = NO;
				ENABLE_STRICT_OBJC_MSGSEND = YES;
				GCC_C_LANGUAGE_STANDARD = gnu11;
				GCC_NO_COMMON_BLOCKS = YES;
				GCC_WARN_64_TO_32_BIT_CONVERSION = YES;
				GCC_WARN_ABOUT_RETURN_TYPE = YES_ERROR;
				GCC_WARN_UNDECLARED_SELECTOR = YES;
				GCC_WARN_UNINITIALIZED_AUTOS = YES_AGGRESSIVE;
				GCC_WARN_UNUSED_FUNCTION = YES;
				GCC_WARN_UNUSED_VARIABLE = YES;
				IPHONEOS_DEPLOYMENT_TARGET = 13.0;
				MTL_ENABLE_DEBUG_INFO = NO;
				MTL_FAST_MATH = YES;
				SDKROOT = iphoneos;
				SWIFT_COMPILATION_MODE = wholemodule;
				SWIFT_OPTIMIZATION_LEVEL = "-O";
				VALIDATE_PRODUCT = YES;
			};
			name = Release;
		};
		5091CCD725CEFB370002C1F8 /* Debug */ = {
			isa = XCBuildConfiguration;
			baseConfigurationReference = 9DE860E7B1B7F624FA172F6C /* Pods-pokeSearchApp.debug.xcconfig */;
			buildSettings = {
				ASSETCATALOG_COMPILER_APPICON_NAME = AppIcon;
				ASSETCATALOG_COMPILER_GLOBAL_ACCENT_COLOR_NAME = AccentColor;
				CODE_SIGN_STYLE = Automatic;
				DEVELOPMENT_TEAM = K53LU952M6;
				INFOPLIST_FILE = pokeSearchApp/Info.plist;
				LD_RUNPATH_SEARCH_PATHS = (
					"$(inherited)",
					"@executable_path/Frameworks",
				);
				PRODUCT_BUNDLE_IDENTIFIER = burcu.pokeSearchApp;
				PRODUCT_NAME = "$(TARGET_NAME)";
				SWIFT_VERSION = 5.0;
				TARGETED_DEVICE_FAMILY = 1;
			};
			name = Debug;
		};
		5091CCD825CEFB370002C1F8 /* Release */ = {
			isa = XCBuildConfiguration;
			baseConfigurationReference = C000DE1E65FEA1708D98B359 /* Pods-pokeSearchApp.release.xcconfig */;
			buildSettings = {
				ASSETCATALOG_COMPILER_APPICON_NAME = AppIcon;
				ASSETCATALOG_COMPILER_GLOBAL_ACCENT_COLOR_NAME = AccentColor;
				CODE_SIGN_STYLE = Automatic;
				DEVELOPMENT_TEAM = K53LU952M6;
				INFOPLIST_FILE = pokeSearchApp/Info.plist;
				LD_RUNPATH_SEARCH_PATHS = (
					"$(inherited)",
					"@executable_path/Frameworks",
				);
				PRODUCT_BUNDLE_IDENTIFIER = burcu.pokeSearchApp;
				PRODUCT_NAME = "$(TARGET_NAME)";
				SWIFT_VERSION = 5.0;
				TARGETED_DEVICE_FAMILY = 1;
			};
			name = Release;
		};
		5091CCDA25CEFB370002C1F8 /* Debug */ = {
			isa = XCBuildConfiguration;
			baseConfigurationReference = 012BB59ABC11C77FCDDF99F2 /* Pods-pokeSearchAppTests.debug.xcconfig */;
			buildSettings = {
				ALWAYS_EMBED_SWIFT_STANDARD_LIBRARIES = "$(inherited)";
				BUNDLE_LOADER = "$(TEST_HOST)";
				CODE_SIGN_STYLE = Automatic;
				DEVELOPMENT_TEAM = K53LU952M6;
				INFOPLIST_FILE = pokeSearchAppTests/Info.plist;
				IPHONEOS_DEPLOYMENT_TARGET = 14.4;
				LD_RUNPATH_SEARCH_PATHS = (
					"$(inherited)",
					"@executable_path/Frameworks",
					"@loader_path/Frameworks",
				);
				PRODUCT_BUNDLE_IDENTIFIER = burcu.pokeSearchAppTests;
				PRODUCT_NAME = "$(TARGET_NAME)";
				SWIFT_VERSION = 5.0;
				TARGETED_DEVICE_FAMILY = "1,2";
				TEST_HOST = "$(BUILT_PRODUCTS_DIR)/pokeSearchApp.app/pokeSearchApp";
			};
			name = Debug;
		};
		5091CCDB25CEFB370002C1F8 /* Release */ = {
			isa = XCBuildConfiguration;
			baseConfigurationReference = 3FDA033401A4C1FDA19FA1FB /* Pods-pokeSearchAppTests.release.xcconfig */;
			buildSettings = {
				ALWAYS_EMBED_SWIFT_STANDARD_LIBRARIES = "$(inherited)";
				BUNDLE_LOADER = "$(TEST_HOST)";
				CODE_SIGN_STYLE = Automatic;
				DEVELOPMENT_TEAM = K53LU952M6;
				INFOPLIST_FILE = pokeSearchAppTests/Info.plist;
				IPHONEOS_DEPLOYMENT_TARGET = 14.4;
				LD_RUNPATH_SEARCH_PATHS = (
					"$(inherited)",
					"@executable_path/Frameworks",
					"@loader_path/Frameworks",
				);
				PRODUCT_BUNDLE_IDENTIFIER = burcu.pokeSearchAppTests;
				PRODUCT_NAME = "$(TARGET_NAME)";
				SWIFT_VERSION = 5.0;
				TARGETED_DEVICE_FAMILY = "1,2";
				TEST_HOST = "$(BUILT_PRODUCTS_DIR)/pokeSearchApp.app/pokeSearchApp";
			};
			name = Release;
		};
		5091CCDD25CEFB370002C1F8 /* Debug */ = {
			isa = XCBuildConfiguration;
			baseConfigurationReference = 0A3CF6ED60C74CAB42CA024F /* Pods-pokeSearchApp-pokeSearchAppUITests.debug.xcconfig */;
			buildSettings = {
				ALWAYS_EMBED_SWIFT_STANDARD_LIBRARIES = "$(inherited)";
				CODE_SIGN_STYLE = Automatic;
				DEVELOPMENT_TEAM = K53LU952M6;
				INFOPLIST_FILE = pokeSearchAppUITests/Info.plist;
				LD_RUNPATH_SEARCH_PATHS = (
					"$(inherited)",
					"@executable_path/Frameworks",
					"@loader_path/Frameworks",
				);
				PRODUCT_BUNDLE_IDENTIFIER = burcu.pokeSearchAppUITests;
				PRODUCT_NAME = "$(TARGET_NAME)";
				SWIFT_VERSION = 5.0;
				TARGETED_DEVICE_FAMILY = "1,2";
				TEST_TARGET_NAME = pokeSearchApp;
			};
			name = Debug;
		};
		5091CCDE25CEFB370002C1F8 /* Release */ = {
			isa = XCBuildConfiguration;
			baseConfigurationReference = DFF7397D0283FC3E20A9FECD /* Pods-pokeSearchApp-pokeSearchAppUITests.release.xcconfig */;
			buildSettings = {
				ALWAYS_EMBED_SWIFT_STANDARD_LIBRARIES = "$(inherited)";
				CODE_SIGN_STYLE = Automatic;
				DEVELOPMENT_TEAM = K53LU952M6;
				INFOPLIST_FILE = pokeSearchAppUITests/Info.plist;
				LD_RUNPATH_SEARCH_PATHS = (
					"$(inherited)",
					"@executable_path/Frameworks",
					"@loader_path/Frameworks",
				);
				PRODUCT_BUNDLE_IDENTIFIER = burcu.pokeSearchAppUITests;
				PRODUCT_NAME = "$(TARGET_NAME)";
				SWIFT_VERSION = 5.0;
				TARGETED_DEVICE_FAMILY = "1,2";
				TEST_TARGET_NAME = pokeSearchApp;
			};
			name = Release;
		};
/* End XCBuildConfiguration section */

/* Begin XCConfigurationList section */
		5091CCA425CEFB350002C1F8 /* Build configuration list for PBXProject "pokeSearchApp" */ = {
			isa = XCConfigurationList;
			buildConfigurations = (
				5091CCD425CEFB370002C1F8 /* Debug */,
				5091CCD525CEFB370002C1F8 /* Release */,
			);
			defaultConfigurationIsVisible = 0;
			defaultConfigurationName = Release;
		};
		5091CCD625CEFB370002C1F8 /* Build configuration list for PBXNativeTarget "pokeSearchApp" */ = {
			isa = XCConfigurationList;
			buildConfigurations = (
				5091CCD725CEFB370002C1F8 /* Debug */,
				5091CCD825CEFB370002C1F8 /* Release */,
			);
			defaultConfigurationIsVisible = 0;
			defaultConfigurationName = Release;
		};
		5091CCD925CEFB370002C1F8 /* Build configuration list for PBXNativeTarget "pokeSearchAppTests" */ = {
			isa = XCConfigurationList;
			buildConfigurations = (
				5091CCDA25CEFB370002C1F8 /* Debug */,
				5091CCDB25CEFB370002C1F8 /* Release */,
			);
			defaultConfigurationIsVisible = 0;
			defaultConfigurationName = Release;
		};
		5091CCDC25CEFB370002C1F8 /* Build configuration list for PBXNativeTarget "pokeSearchAppUITests" */ = {
			isa = XCConfigurationList;
			buildConfigurations = (
				5091CCDD25CEFB370002C1F8 /* Debug */,
				5091CCDE25CEFB370002C1F8 /* Release */,
			);
			defaultConfigurationIsVisible = 0;
			defaultConfigurationName = Release;
		};
/* End XCConfigurationList section */

/* Begin XCVersionGroup section */
		5091CCB525CEFB350002C1F8 /* pokeSearchApp.xcdatamodeld */ = {
			isa = XCVersionGroup;
			children = (
				5091CCB625CEFB350002C1F8 /* pokeSearchApp.xcdatamodel */,
			);
			currentVersion = 5091CCB625CEFB350002C1F8 /* pokeSearchApp.xcdatamodel */;
			path = pokeSearchApp.xcdatamodeld;
			sourceTree = "<group>";
			versionGroupType = wrapper.xcdatamodel;
		};
/* End XCVersionGroup section */
	};
	rootObject = 5091CCA125CEFB350002C1F8 /* Project object */;
}
